// !$*UTF8*$!
{
	archiveVersion = 1;
	classes = {
	};
	objectVersion = 56;
	objects = {

/* Begin PBXBuildFile section */
		332FF91B2BE03C8F0000445F /* Shannon_Entropy_and_Lypunov_CoefApp.swift in Sources */ = {isa = PBXBuildFile; fileRef = 332FF91A2BE03C8F0000445F /* Shannon_Entropy_and_Lypunov_CoefApp.swift */; };
		332FF91D2BE03C8F0000445F /* ContentView.swift in Sources */ = {isa = PBXBuildFile; fileRef = 332FF91C2BE03C8F0000445F /* ContentView.swift */; };
		332FF91F2BE03C910000445F /* Assets.xcassets in Resources */ = {isa = PBXBuildFile; fileRef = 332FF91E2BE03C910000445F /* Assets.xcassets */; };
		332FF9232BE03C910000445F /* Preview Assets.xcassets in Resources */ = {isa = PBXBuildFile; fileRef = 332FF9222BE03C910000445F /* Preview Assets.xcassets */; };
		332FF92D2BE03C910000445F /* Shannon_Entropy_and_Lypunov_CoefTests.swift in Sources */ = {isa = PBXBuildFile; fileRef = 332FF92C2BE03C910000445F /* Shannon_Entropy_and_Lypunov_CoefTests.swift */; };
		332FF9372BE03C910000445F /* Shannon_Entropy_and_Lypunov_CoefUITests.swift in Sources */ = {isa = PBXBuildFile; fileRef = 332FF9362BE03C910000445F /* Shannon_Entropy_and_Lypunov_CoefUITests.swift */; };
		332FF9392BE03C910000445F /* Shannon_Entropy_and_Lypunov_CoefUITestsLaunchTests.swift in Sources */ = {isa = PBXBuildFile; fileRef = 332FF9382BE03C910000445F /* Shannon_Entropy_and_Lypunov_CoefUITestsLaunchTests.swift */; };
		332FF9462BE03CDB0000445F /* CalculatePlotData.swift in Sources */ = {isa = PBXBuildFile; fileRef = 332FF9452BE03CDB0000445F /* CalculatePlotData.swift */; };
		332FF9482BE03CF40000445F /* ChangingPlotParameters.swift in Sources */ = {isa = PBXBuildFile; fileRef = 332FF9472BE03CF40000445F /* ChangingPlotParameters.swift */; };
		332FF94A2BE03D040000445F /* Operators.swift in Sources */ = {isa = PBXBuildFile; fileRef = 332FF9492BE03D040000445F /* Operators.swift */; };
		332FF94C2BE03EC60000445F /* PlotClass.swift in Sources */ = {isa = PBXBuildFile; fileRef = 332FF94B2BE03EC60000445F /* PlotClass.swift */; };
		332FF94E2BE03EDA0000445F /* PlotDataClass.swift in Sources */ = {isa = PBXBuildFile; fileRef = 332FF94D2BE03EDA0000445F /* PlotDataClass.swift */; };
		332FF9502BE03EEB0000445F /* PlotDataStruct.swift in Sources */ = {isa = PBXBuildFile; fileRef = 332FF94F2BE03EEB0000445F /* PlotDataStruct.swift */; };
		332FF9522BE03EFE0000445F /* TextExportDocument.swift in Sources */ = {isa = PBXBuildFile; fileRef = 332FF9512BE03EFE0000445F /* TextExportDocument.swift */; };
		332FF9542BE03F0D0000445F /* TextView.swift in Sources */ = {isa = PBXBuildFile; fileRef = 332FF9532BE03F0D0000445F /* TextView.swift */; };
/* End PBXBuildFile section */

/* Begin PBXContainerItemProxy section */
		332FF9292BE03C910000445F /* PBXContainerItemProxy */ = {
			isa = PBXContainerItemProxy;
			containerPortal = 332FF90F2BE03C8F0000445F /* Project object */;
			proxyType = 1;
			remoteGlobalIDString = 332FF9162BE03C8F0000445F;
			remoteInfo = "Shannon Entropy and Lypunov Coef";
		};
		332FF9332BE03C910000445F /* PBXContainerItemProxy */ = {
			isa = PBXContainerItemProxy;
			containerPortal = 332FF90F2BE03C8F0000445F /* Project object */;
			proxyType = 1;
			remoteGlobalIDString = 332FF9162BE03C8F0000445F;
			remoteInfo = "Shannon Entropy and Lypunov Coef";
		};
/* End PBXContainerItemProxy section */

/* Begin PBXFileReference section */
		332FF9172BE03C8F0000445F /* Shannon Entropy and Lypunov Coef.app */ = {isa = PBXFileReference; explicitFileType = wrapper.application; includeInIndex = 0; path = "Shannon Entropy and Lypunov Coef.app"; sourceTree = BUILT_PRODUCTS_DIR; };
		332FF91A2BE03C8F0000445F /* Shannon_Entropy_and_Lypunov_CoefApp.swift */ = {isa = PBXFileReference; lastKnownFileType = sourcecode.swift; path = Shannon_Entropy_and_Lypunov_CoefApp.swift; sourceTree = "<group>"; };
		332FF91C2BE03C8F0000445F /* ContentView.swift */ = {isa = PBXFileReference; lastKnownFileType = sourcecode.swift; path = ContentView.swift; sourceTree = "<group>"; };
		332FF91E2BE03C910000445F /* Assets.xcassets */ = {isa = PBXFileReference; lastKnownFileType = folder.assetcatalog; path = Assets.xcassets; sourceTree = "<group>"; };
		332FF9202BE03C910000445F /* Shannon_Entropy_and_Lypunov_Coef.entitlements */ = {isa = PBXFileReference; lastKnownFileType = text.plist.entitlements; path = Shannon_Entropy_and_Lypunov_Coef.entitlements; sourceTree = "<group>"; };
		332FF9222BE03C910000445F /* Preview Assets.xcassets */ = {isa = PBXFileReference; lastKnownFileType = folder.assetcatalog; path = "Preview Assets.xcassets"; sourceTree = "<group>"; };
		332FF9282BE03C910000445F /* Shannon Entropy and Lypunov CoefTests.xctest */ = {isa = PBXFileReference; explicitFileType = wrapper.cfbundle; includeInIndex = 0; path = "Shannon Entropy and Lypunov CoefTests.xctest"; sourceTree = BUILT_PRODUCTS_DIR; };
		332FF92C2BE03C910000445F /* Shannon_Entropy_and_Lypunov_CoefTests.swift */ = {isa = PBXFileReference; lastKnownFileType = sourcecode.swift; path = Shannon_Entropy_and_Lypunov_CoefTests.swift; sourceTree = "<group>"; };
		332FF9322BE03C910000445F /* Shannon Entropy and Lypunov CoefUITests.xctest */ = {isa = PBXFileReference; explicitFileType = wrapper.cfbundle; includeInIndex = 0; path = "Shannon Entropy and Lypunov CoefUITests.xctest"; sourceTree = BUILT_PRODUCTS_DIR; };
		332FF9362BE03C910000445F /* Shannon_Entropy_and_Lypunov_CoefUITests.swift */ = {isa = PBXFileReference; lastKnownFileType = sourcecode.swift; path = Shannon_Entropy_and_Lypunov_CoefUITests.swift; sourceTree = "<group>"; };
		332FF9382BE03C910000445F /* Shannon_Entropy_and_Lypunov_CoefUITestsLaunchTests.swift */ = {isa = PBXFileReference; lastKnownFileType = sourcecode.swift; path = Shannon_Entropy_and_Lypunov_CoefUITestsLaunchTests.swift; sourceTree = "<group>"; };
		332FF9452BE03CDB0000445F /* CalculatePlotData.swift */ = {isa = PBXFileReference; lastKnownFileType = sourcecode.swift; path = CalculatePlotData.swift; sourceTree = "<group>"; };
		332FF9472BE03CF40000445F /* ChangingPlotParameters.swift */ = {isa = PBXFileReference; lastKnownFileType = sourcecode.swift; path = ChangingPlotParameters.swift; sourceTree = "<group>"; };
		332FF9492BE03D040000445F /* Operators.swift */ = {isa = PBXFileReference; lastKnownFileType = sourcecode.swift; path = Operators.swift; sourceTree = "<group>"; };
		332FF94B2BE03EC60000445F /* PlotClass.swift */ = {isa = PBXFileReference; lastKnownFileType = sourcecode.swift; path = PlotClass.swift; sourceTree = "<group>"; };
		332FF94D2BE03EDA0000445F /* PlotDataClass.swift */ = {isa = PBXFileReference; lastKnownFileType = sourcecode.swift; path = PlotDataClass.swift; sourceTree = "<group>"; };
		332FF94F2BE03EEB0000445F /* PlotDataStruct.swift */ = {isa = PBXFileReference; lastKnownFileType = sourcecode.swift; path = PlotDataStruct.swift; sourceTree = "<group>"; };
		332FF9512BE03EFE0000445F /* TextExportDocument.swift */ = {isa = PBXFileReference; lastKnownFileType = sourcecode.swift; path = TextExportDocument.swift; sourceTree = "<group>"; };
		332FF9532BE03F0D0000445F /* TextView.swift */ = {isa = PBXFileReference; lastKnownFileType = sourcecode.swift; path = TextView.swift; sourceTree = "<group>"; };
/* End PBXFileReference section */

/* Begin PBXFrameworksBuildPhase section */
		332FF9142BE03C8F0000445F /* Frameworks */ = {
			isa = PBXFrameworksBuildPhase;
			buildActionMask = 2147483647;
			files = (
			);
			runOnlyForDeploymentPostprocessing = 0;
		};
		332FF9252BE03C910000445F /* Frameworks */ = {
			isa = PBXFrameworksBuildPhase;
			buildActionMask = 2147483647;
			files = (
			);
			runOnlyForDeploymentPostprocessing = 0;
		};
		332FF92F2BE03C910000445F /* Frameworks */ = {
			isa = PBXFrameworksBuildPhase;
			buildActionMask = 2147483647;
			files = (
			);
			runOnlyForDeploymentPostprocessing = 0;
		};
/* End PBXFrameworksBuildPhase section */

/* Begin PBXGroup section */
		332FF90E2BE03C8F0000445F = {
			isa = PBXGroup;
			children = (
				332FF9192BE03C8F0000445F /* Shannon Entropy and Lypunov Coef */,
				332FF92B2BE03C910000445F /* Shannon Entropy and Lypunov CoefTests */,
				332FF9352BE03C910000445F /* Shannon Entropy and Lypunov CoefUITests */,
				332FF9182BE03C8F0000445F /* Products */,
			);
			sourceTree = "<group>";
		};
		332FF9182BE03C8F0000445F /* Products */ = {
			isa = PBXGroup;
			children = (
				332FF9172BE03C8F0000445F /* Shannon Entropy and Lypunov Coef.app */,
				332FF9282BE03C910000445F /* Shannon Entropy and Lypunov CoefTests.xctest */,
				332FF9322BE03C910000445F /* Shannon Entropy and Lypunov CoefUITests.xctest */,
			);
			name = Products;
			sourceTree = "<group>";
		};
		332FF9192BE03C8F0000445F /* Shannon Entropy and Lypunov Coef */ = {
			isa = PBXGroup;
			children = (
				332FF91A2BE03C8F0000445F /* Shannon_Entropy_and_Lypunov_CoefApp.swift */,
				332FF91C2BE03C8F0000445F /* ContentView.swift */,
				332FF9452BE03CDB0000445F /* CalculatePlotData.swift */,
				332FF9472BE03CF40000445F /* ChangingPlotParameters.swift */,
				332FF9492BE03D040000445F /* Operators.swift */,
				332FF94B2BE03EC60000445F /* PlotClass.swift */,
				332FF94D2BE03EDA0000445F /* PlotDataClass.swift */,
				332FF94F2BE03EEB0000445F /* PlotDataStruct.swift */,
				332FF9512BE03EFE0000445F /* TextExportDocument.swift */,
				332FF9532BE03F0D0000445F /* TextView.swift */,
				332FF91E2BE03C910000445F /* Assets.xcassets */,
				332FF9202BE03C910000445F /* Shannon_Entropy_and_Lypunov_Coef.entitlements */,
				332FF9212BE03C910000445F /* Preview Content */,
			);
			path = "Shannon Entropy and Lypunov Coef";
			sourceTree = "<group>";
		};
		332FF9212BE03C910000445F /* Preview Content */ = {
			isa = PBXGroup;
			children = (
				332FF9222BE03C910000445F /* Preview Assets.xcassets */,
			);
			path = "Preview Content";
			sourceTree = "<group>";
		};
		332FF92B2BE03C910000445F /* Shannon Entropy and Lypunov CoefTests */ = {
			isa = PBXGroup;
			children = (
				332FF92C2BE03C910000445F /* Shannon_Entropy_and_Lypunov_CoefTests.swift */,
			);
			path = "Shannon Entropy and Lypunov CoefTests";
			sourceTree = "<group>";
		};
		332FF9352BE03C910000445F /* Shannon Entropy and Lypunov CoefUITests */ = {
			isa = PBXGroup;
			children = (
				332FF9362BE03C910000445F /* Shannon_Entropy_and_Lypunov_CoefUITests.swift */,
				332FF9382BE03C910000445F /* Shannon_Entropy_and_Lypunov_CoefUITestsLaunchTests.swift */,
			);
			path = "Shannon Entropy and Lypunov CoefUITests";
			sourceTree = "<group>";
		};
/* End PBXGroup section */

/* Begin PBXNativeTarget section */
		332FF9162BE03C8F0000445F /* Shannon Entropy and Lypunov Coef */ = {
			isa = PBXNativeTarget;
			buildConfigurationList = 332FF93C2BE03C910000445F /* Build configuration list for PBXNativeTarget "Shannon Entropy and Lypunov Coef" */;
			buildPhases = (
				332FF9132BE03C8F0000445F /* Sources */,
				332FF9142BE03C8F0000445F /* Frameworks */,
				332FF9152BE03C8F0000445F /* Resources */,
			);
			buildRules = (
			);
			dependencies = (
			);
			name = "Shannon Entropy and Lypunov Coef";
			productName = "Shannon Entropy and Lypunov Coef";
			productReference = 332FF9172BE03C8F0000445F /* Shannon Entropy and Lypunov Coef.app */;
			productType = "com.apple.product-type.application";
		};
		332FF9272BE03C910000445F /* Shannon Entropy and Lypunov CoefTests */ = {
			isa = PBXNativeTarget;
			buildConfigurationList = 332FF93F2BE03C910000445F /* Build configuration list for PBXNativeTarget "Shannon Entropy and Lypunov CoefTests" */;
			buildPhases = (
				332FF9242BE03C910000445F /* Sources */,
				332FF9252BE03C910000445F /* Frameworks */,
				332FF9262BE03C910000445F /* Resources */,
			);
			buildRules = (
			);
			dependencies = (
				332FF92A2BE03C910000445F /* PBXTargetDependency */,
			);
			name = "Shannon Entropy and Lypunov CoefTests";
			productName = "Shannon Entropy and Lypunov CoefTests";
			productReference = 332FF9282BE03C910000445F /* Shannon Entropy and Lypunov CoefTests.xctest */;
			productType = "com.apple.product-type.bundle.unit-test";
		};
		332FF9312BE03C910000445F /* Shannon Entropy and Lypunov CoefUITests */ = {
			isa = PBXNativeTarget;
			buildConfigurationList = 332FF9422BE03C910000445F /* Build configuration list for PBXNativeTarget "Shannon Entropy and Lypunov CoefUITests" */;
			buildPhases = (
				332FF92E2BE03C910000445F /* Sources */,
				332FF92F2BE03C910000445F /* Frameworks */,
				332FF9302BE03C910000445F /* Resources */,
			);
			buildRules = (
			);
			dependencies = (
				332FF9342BE03C910000445F /* PBXTargetDependency */,
			);
			name = "Shannon Entropy and Lypunov CoefUITests";
			productName = "Shannon Entropy and Lypunov CoefUITests";
			productReference = 332FF9322BE03C910000445F /* Shannon Entropy and Lypunov CoefUITests.xctest */;
			productType = "com.apple.product-type.bundle.ui-testing";
		};
/* End PBXNativeTarget section */

/* Begin PBXProject section */
		332FF90F2BE03C8F0000445F /* Project object */ = {
			isa = PBXProject;
			attributes = {
				BuildIndependentTargetsInParallel = 1;
				LastSwiftUpdateCheck = 1520;
				LastUpgradeCheck = 1520;
				TargetAttributes = {
					332FF9162BE03C8F0000445F = {
						CreatedOnToolsVersion = 15.2;
					};
					332FF9272BE03C910000445F = {
						CreatedOnToolsVersion = 15.2;
						TestTargetID = 332FF9162BE03C8F0000445F;
					};
					332FF9312BE03C910000445F = {
						CreatedOnToolsVersion = 15.2;
						TestTargetID = 332FF9162BE03C8F0000445F;
					};
				};
			};
			buildConfigurationList = 332FF9122BE03C8F0000445F /* Build configuration list for PBXProject "Shannon Entropy and Lypunov Coef" */;
			compatibilityVersion = "Xcode 14.0";
			developmentRegion = en;
			hasScannedForEncodings = 0;
			knownRegions = (
				en,
				Base,
			);
			mainGroup = 332FF90E2BE03C8F0000445F;
			productRefGroup = 332FF9182BE03C8F0000445F /* Products */;
			projectDirPath = "";
			projectRoot = "";
			targets = (
				332FF9162BE03C8F0000445F /* Shannon Entropy and Lypunov Coef */,
				332FF9272BE03C910000445F /* Shannon Entropy and Lypunov CoefTests */,
				332FF9312BE03C910000445F /* Shannon Entropy and Lypunov CoefUITests */,
			);
		};
/* End PBXProject section */

/* Begin PBXResourcesBuildPhase section */
		332FF9152BE03C8F0000445F /* Resources */ = {
			isa = PBXResourcesBuildPhase;
			buildActionMask = 2147483647;
			files = (
				332FF9232BE03C910000445F /* Preview Assets.xcassets in Resources */,
				332FF91F2BE03C910000445F /* Assets.xcassets in Resources */,
			);
			runOnlyForDeploymentPostprocessing = 0;
		};
		332FF9262BE03C910000445F /* Resources */ = {
			isa = PBXResourcesBuildPhase;
			buildActionMask = 2147483647;
			files = (
			);
			runOnlyForDeploymentPostprocessing = 0;
		};
		332FF9302BE03C910000445F /* Resources */ = {
			isa = PBXResourcesBuildPhase;
			buildActionMask = 2147483647;
			files = (
			);
			runOnlyForDeploymentPostprocessing = 0;
		};
/* End PBXResourcesBuildPhase section */

/* Begin PBXSourcesBuildPhase section */
		332FF9132BE03C8F0000445F /* Sources */ = {
			isa = PBXSourcesBuildPhase;
			buildActionMask = 2147483647;
			files = (
				332FF91D2BE03C8F0000445F /* ContentView.swift in Sources */,
				332FF94A2BE03D040000445F /* Operators.swift in Sources */,
				332FF9482BE03CF40000445F /* ChangingPlotParameters.swift in Sources */,
				332FF9462BE03CDB0000445F /* CalculatePlotData.swift in Sources */,
				332FF94E2BE03EDA0000445F /* PlotDataClass.swift in Sources */,
				332FF9502BE03EEB0000445F /* PlotDataStruct.swift in Sources */,
				332FF9522BE03EFE0000445F /* TextExportDocument.swift in Sources */,
				332FF91B2BE03C8F0000445F /* Shannon_Entropy_and_Lypunov_CoefApp.swift in Sources */,
				332FF94C2BE03EC60000445F /* PlotClass.swift in Sources */,
				332FF9542BE03F0D0000445F /* TextView.swift in Sources */,
			);
			runOnlyForDeploymentPostprocessing = 0;
		};
		332FF9242BE03C910000445F /* Sources */ = {
			isa = PBXSourcesBuildPhase;
			buildActionMask = 2147483647;
			files = (
				332FF92D2BE03C910000445F /* Shannon_Entropy_and_Lypunov_CoefTests.swift in Sources */,
			);
			runOnlyForDeploymentPostprocessing = 0;
		};
		332FF92E2BE03C910000445F /* Sources */ = {
			isa = PBXSourcesBuildPhase;
			buildActionMask = 2147483647;
			files = (
				332FF9372BE03C910000445F /* Shannon_Entropy_and_Lypunov_CoefUITests.swift in Sources */,
				332FF9392BE03C910000445F /* Shannon_Entropy_and_Lypunov_CoefUITestsLaunchTests.swift in Sources */,
			);
			runOnlyForDeploymentPostprocessing = 0;
		};
/* End PBXSourcesBuildPhase section */

/* Begin PBXTargetDependency section */
		332FF92A2BE03C910000445F /* PBXTargetDependency */ = {
			isa = PBXTargetDependency;
			target = 332FF9162BE03C8F0000445F /* Shannon Entropy and Lypunov Coef */;
			targetProxy = 332FF9292BE03C910000445F /* PBXContainerItemProxy */;
		};
		332FF9342BE03C910000445F /* PBXTargetDependency */ = {
			isa = PBXTargetDependency;
			target = 332FF9162BE03C8F0000445F /* Shannon Entropy and Lypunov Coef */;
			targetProxy = 332FF9332BE03C910000445F /* PBXContainerItemProxy */;
		};
/* End PBXTargetDependency section */

/* Begin XCBuildConfiguration section */
		332FF93A2BE03C910000445F /* Debug */ = {
			isa = XCBuildConfiguration;
			buildSettings = {
				ALWAYS_SEARCH_USER_PATHS = NO;
				ASSETCATALOG_COMPILER_GENERATE_SWIFT_ASSET_SYMBOL_EXTENSIONS = YES;
				CLANG_ANALYZER_NONNULL = YES;
				CLANG_ANALYZER_NUMBER_OBJECT_CONVERSION = YES_AGGRESSIVE;
				CLANG_CXX_LANGUAGE_STANDARD = "gnu++20";
				CLANG_ENABLE_MODULES = YES;
				CLANG_ENABLE_OBJC_ARC = YES;
				CLANG_ENABLE_OBJC_WEAK = YES;
				CLANG_WARN_BLOCK_CAPTURE_AUTORELEASING = YES;
				CLANG_WARN_BOOL_CONVERSION = YES;
				CLANG_WARN_COMMA = YES;
				CLANG_WARN_CONSTANT_CONVERSION = YES;
				CLANG_WARN_DEPRECATED_OBJC_IMPLEMENTATIONS = YES;
				CLANG_WARN_DIRECT_OBJC_ISA_USAGE = YES_ERROR;
				CLANG_WARN_DOCUMENTATION_COMMENTS = YES;
				CLANG_WARN_EMPTY_BODY = YES;
				CLANG_WARN_ENUM_CONVERSION = YES;
				CLANG_WARN_INFINITE_RECURSION = YES;
				CLANG_WARN_INT_CONVERSION = YES;
				CLANG_WARN_NON_LITERAL_NULL_CONVERSION = YES;
				CLANG_WARN_OBJC_IMPLICIT_RETAIN_SELF = YES;
				CLANG_WARN_OBJC_LITERAL_CONVERSION = YES;
				CLANG_WARN_OBJC_ROOT_CLASS = YES_ERROR;
				CLANG_WARN_QUOTED_INCLUDE_IN_FRAMEWORK_HEADER = YES;
				CLANG_WARN_RANGE_LOOP_ANALYSIS = YES;
				CLANG_WARN_STRICT_PROTOTYPES = YES;
				CLANG_WARN_SUSPICIOUS_MOVE = YES;
				CLANG_WARN_UNGUARDED_AVAILABILITY = YES_AGGRESSIVE;
				CLANG_WARN_UNREACHABLE_CODE = YES;
				CLANG_WARN__DUPLICATE_METHOD_MATCH = YES;
				COPY_PHASE_STRIP = NO;
				DEBUG_INFORMATION_FORMAT = dwarf;
				ENABLE_STRICT_OBJC_MSGSEND = YES;
				ENABLE_TESTABILITY = YES;
				ENABLE_USER_SCRIPT_SANDBOXING = YES;
				GCC_C_LANGUAGE_STANDARD = gnu17;
				GCC_DYNAMIC_NO_PIC = NO;
				GCC_NO_COMMON_BLOCKS = YES;
				GCC_OPTIMIZATION_LEVEL = 0;
				GCC_PREPROCESSOR_DEFINITIONS = (
					"DEBUG=1",
					"$(inherited)",
				);
				GCC_WARN_64_TO_32_BIT_CONVERSION = YES;
				GCC_WARN_ABOUT_RETURN_TYPE = YES_ERROR;
				GCC_WARN_UNDECLARED_SELECTOR = YES;
				GCC_WARN_UNINITIALIZED_AUTOS = YES_AGGRESSIVE;
				GCC_WARN_UNUSED_FUNCTION = YES;
				GCC_WARN_UNUSED_VARIABLE = YES;
				LOCALIZATION_PREFERS_STRING_CATALOGS = YES;
				MTL_ENABLE_DEBUG_INFO = INCLUDE_SOURCE;
				MTL_FAST_MATH = YES;
				ONLY_ACTIVE_ARCH = YES;
				SWIFT_ACTIVE_COMPILATION_CONDITIONS = "DEBUG $(inherited)";
				SWIFT_OPTIMIZATION_LEVEL = "-Onone";
			};
			name = Debug;
		};
		332FF93B2BE03C910000445F /* Release */ = {
			isa = XCBuildConfiguration;
			buildSettings = {
				ALWAYS_SEARCH_USER_PATHS = NO;
				ASSETCATALOG_COMPILER_GENERATE_SWIFT_ASSET_SYMBOL_EXTENSIONS = YES;
				CLANG_ANALYZER_NONNULL = YES;
				CLANG_ANALYZER_NUMBER_OBJECT_CONVERSION = YES_AGGRESSIVE;
				CLANG_CXX_LANGUAGE_STANDARD = "gnu++20";
				CLANG_ENABLE_MODULES = YES;
				CLANG_ENABLE_OBJC_ARC = YES;
				CLANG_ENABLE_OBJC_WEAK = YES;
				CLANG_WARN_BLOCK_CAPTURE_AUTORELEASING = YES;
				CLANG_WARN_BOOL_CONVERSION = YES;
				CLANG_WARN_COMMA = YES;
				CLANG_WARN_CONSTANT_CONVERSION = YES;
				CLANG_WARN_DEPRECATED_OBJC_IMPLEMENTATIONS = YES;
				CLANG_WARN_DIRECT_OBJC_ISA_USAGE = YES_ERROR;
				CLANG_WARN_DOCUMENTATION_COMMENTS = YES;
				CLANG_WARN_EMPTY_BODY = YES;
				CLANG_WARN_ENUM_CONVERSION = YES;
				CLANG_WARN_INFINITE_RECURSION = YES;
				CLANG_WARN_INT_CONVERSION = YES;
				CLANG_WARN_NON_LITERAL_NULL_CONVERSION = YES;
				CLANG_WARN_OBJC_IMPLICIT_RETAIN_SELF = YES;
				CLANG_WARN_OBJC_LITERAL_CONVERSION = YES;
				CLANG_WARN_OBJC_ROOT_CLASS = YES_ERROR;
				CLANG_WARN_QUOTED_INCLUDE_IN_FRAMEWORK_HEADER = YES;
				CLANG_WARN_RANGE_LOOP_ANALYSIS = YES;
				CLANG_WARN_STRICT_PROTOTYPES = YES;
				CLANG_WARN_SUSPICIOUS_MOVE = YES;
				CLANG_WARN_UNGUARDED_AVAILABILITY = YES_AGGRESSIVE;
				CLANG_WARN_UNREACHABLE_CODE = YES;
				CLANG_WARN__DUPLICATE_METHOD_MATCH = YES;
				COPY_PHASE_STRIP = NO;
				DEBUG_INFORMATION_FORMAT = "dwarf-with-dsym";
				ENABLE_NS_ASSERTIONS = NO;
				ENABLE_STRICT_OBJC_MSGSEND = YES;
				ENABLE_USER_SCRIPT_SANDBOXING = YES;
				GCC_C_LANGUAGE_STANDARD = gnu17;
				GCC_NO_COMMON_BLOCKS = YES;
				GCC_WARN_64_TO_32_BIT_CONVERSION = YES;
				GCC_WARN_ABOUT_RETURN_TYPE = YES_ERROR;
				GCC_WARN_UNDECLARED_SELECTOR = YES;
				GCC_WARN_UNINITIALIZED_AUTOS = YES_AGGRESSIVE;
				GCC_WARN_UNUSED_FUNCTION = YES;
				GCC_WARN_UNUSED_VARIABLE = YES;
				LOCALIZATION_PREFERS_STRING_CATALOGS = YES;
				MTL_ENABLE_DEBUG_INFO = NO;
				MTL_FAST_MATH = YES;
				SWIFT_COMPILATION_MODE = wholemodule;
			};
			name = Release;
		};
		332FF93D2BE03C910000445F /* Debug */ = {
			isa = XCBuildConfiguration;
			buildSettings = {
				ASSETCATALOG_COMPILER_APPICON_NAME = AppIcon;
				ASSETCATALOG_COMPILER_GLOBAL_ACCENT_COLOR_NAME = AccentColor;
				CODE_SIGN_ENTITLEMENTS = "Shannon Entropy and Lypunov Coef/Shannon_Entropy_and_Lypunov_Coef.entitlements";
				CODE_SIGN_STYLE = Automatic;
				CURRENT_PROJECT_VERSION = 1;
				DEVELOPMENT_ASSET_PATHS = "\"Shannon Entropy and Lypunov Coef/Preview Content\"";
				ENABLE_PREVIEWS = YES;
				GENERATE_INFOPLIST_FILE = YES;
				"INFOPLIST_KEY_UIApplicationSceneManifest_Generation[sdk=iphoneos*]" = YES;
				"INFOPLIST_KEY_UIApplicationSceneManifest_Generation[sdk=iphonesimulator*]" = YES;
				"INFOPLIST_KEY_UIApplicationSupportsIndirectInputEvents[sdk=iphoneos*]" = YES;
				"INFOPLIST_KEY_UIApplicationSupportsIndirectInputEvents[sdk=iphonesimulator*]" = YES;
				"INFOPLIST_KEY_UILaunchScreen_Generation[sdk=iphoneos*]" = YES;
				"INFOPLIST_KEY_UILaunchScreen_Generation[sdk=iphonesimulator*]" = YES;
				"INFOPLIST_KEY_UIStatusBarStyle[sdk=iphoneos*]" = UIStatusBarStyleDefault;
				"INFOPLIST_KEY_UIStatusBarStyle[sdk=iphonesimulator*]" = UIStatusBarStyleDefault;
				INFOPLIST_KEY_UISupportedInterfaceOrientations_iPad = "UIInterfaceOrientationPortrait UIInterfaceOrientationPortraitUpsideDown UIInterfaceOrientationLandscapeLeft UIInterfaceOrientationLandscapeRight";
				INFOPLIST_KEY_UISupportedInterfaceOrientations_iPhone = "UIInterfaceOrientationPortrait UIInterfaceOrientationLandscapeLeft UIInterfaceOrientationLandscapeRight";
				IPHONEOS_DEPLOYMENT_TARGET = 17.2;
				LD_RUNPATH_SEARCH_PATHS = "@executable_path/Frameworks";
				"LD_RUNPATH_SEARCH_PATHS[sdk=macosx*]" = "@executable_path/../Frameworks";
				MACOSX_DEPLOYMENT_TARGET = 14.2;
				MARKETING_VERSION = 1.0;
				PRODUCT_BUNDLE_IDENTIFIER = "Marco.Shannon-Entropy-and-Lypunov-Coef";
				PRODUCT_NAME = "$(TARGET_NAME)";
				SDKROOT = auto;
				SUPPORTED_PLATFORMS = "iphoneos iphonesimulator macosx";
				SWIFT_EMIT_LOC_STRINGS = YES;
				SWIFT_VERSION = 5.0;
				TARGETED_DEVICE_FAMILY = "1,2";
			};
			name = Debug;
		};
		332FF93E2BE03C910000445F /* Release */ = {
			isa = XCBuildConfiguration;
			buildSettings = {
				ASSETCATALOG_COMPILER_APPICON_NAME = AppIcon;
				ASSETCATALOG_COMPILER_GLOBAL_ACCENT_COLOR_NAME = AccentColor;
				CODE_SIGN_ENTITLEMENTS = "Shannon Entropy and Lypunov Coef/Shannon_Entropy_and_Lypunov_Coef.entitlements";
				CODE_SIGN_STYLE = Automatic;
				CURRENT_PROJECT_VERSION = 1;
				DEVELOPMENT_ASSET_PATHS = "\"Shannon Entropy and Lypunov Coef/Preview Content\"";
				ENABLE_PREVIEWS = YES;
				GENERATE_INFOPLIST_FILE = YES;
				"INFOPLIST_KEY_UIApplicationSceneManifest_Generation[sdk=iphoneos*]" = YES;
				"INFOPLIST_KEY_UIApplicationSceneManifest_Generation[sdk=iphonesimulator*]" = YES;
				"INFOPLIST_KEY_UIApplicationSupportsIndirectInputEvents[sdk=iphoneos*]" = YES;
				"INFOPLIST_KEY_UIApplicationSupportsIndirectInputEvents[sdk=iphonesimulator*]" = YES;
				"INFOPLIST_KEY_UILaunchScreen_Generation[sdk=iphoneos*]" = YES;
				"INFOPLIST_KEY_UILaunchScreen_Generation[sdk=iphonesimulator*]" = YES;
				"INFOPLIST_KEY_UIStatusBarStyle[sdk=iphoneos*]" = UIStatusBarStyleDefault;
				"INFOPLIST_KEY_UIStatusBarStyle[sdk=iphonesimulator*]" = UIStatusBarStyleDefault;
				INFOPLIST_KEY_UISupportedInterfaceOrientations_iPad = "UIInterfaceOrientationPortrait UIInterfaceOrientationPortraitUpsideDown UIInterfaceOrientationLandscapeLeft UIInterfaceOrientationLandscapeRight";
				INFOPLIST_KEY_UISupportedInterfaceOrientations_iPhone = "UIInterfaceOrientationPortrait UIInterfaceOrientationLandscapeLeft UIInterfaceOrientationLandscapeRight";
				IPHONEOS_DEPLOYMENT_TARGET = 17.2;
				LD_RUNPATH_SEARCH_PATHS = "@executable_path/Frameworks";
				"LD_RUNPATH_SEARCH_PATHS[sdk=macosx*]" = "@executable_path/../Frameworks";
				MACOSX_DEPLOYMENT_TARGET = 14.2;
				MARKETING_VERSION = 1.0;
				PRODUCT_BUNDLE_IDENTIFIER = "Marco.Shannon-Entropy-and-Lypunov-Coef";
				PRODUCT_NAME = "$(TARGET_NAME)";
				SDKROOT = auto;
				SUPPORTED_PLATFORMS = "iphoneos iphonesimulator macosx";
				SWIFT_EMIT_LOC_STRINGS = YES;
				SWIFT_VERSION = 5.0;
				TARGETED_DEVICE_FAMILY = "1,2";
			};
			name = Release;
		};
		332FF9402BE03C910000445F /* Debug */ = {
			isa = XCBuildConfiguration;
			buildSettings = {
				ALWAYS_EMBED_SWIFT_STANDARD_LIBRARIES = YES;
				BUNDLE_LOADER = "$(TEST_HOST)";
				CODE_SIGN_STYLE = Automatic;
				CURRENT_PROJECT_VERSION = 1;
				GENERATE_INFOPLIST_FILE = YES;
				IPHONEOS_DEPLOYMENT_TARGET = 17.2;
				MACOSX_DEPLOYMENT_TARGET = 14.2;
				MARKETING_VERSION = 1.0;
				PRODUCT_BUNDLE_IDENTIFIER = "Marco.Shannon-Entropy-and-Lypunov-CoefTests";
				PRODUCT_NAME = "$(TARGET_NAME)";
				SDKROOT = auto;
				SUPPORTED_PLATFORMS = "iphoneos iphonesimulator macosx";
				SWIFT_EMIT_LOC_STRINGS = NO;
				SWIFT_VERSION = 5.0;
				TARGETED_DEVICE_FAMILY = "1,2";
				TEST_HOST = "$(BUILT_PRODUCTS_DIR)/Shannon Entropy and Lypunov Coef.app/$(BUNDLE_EXECUTABLE_FOLDER_PATH)/Shannon Entropy and Lypunov Coef";
			};
			name = Debug;
		};
		332FF9412BE03C910000445F /* Release */ = {
			isa = XCBuildConfiguration;
			buildSettings = {
				ALWAYS_EMBED_SWIFT_STANDARD_LIBRARIES = YES;
				BUNDLE_LOADER = "$(TEST_HOST)";
				CODE_SIGN_STYLE = Automatic;
				CURRENT_PROJECT_VERSION = 1;
				GENERATE_INFOPLIST_FILE = YES;
				IPHONEOS_DEPLOYMENT_TARGET = 17.2;
				MACOSX_DEPLOYMENT_TARGET = 14.2;
				MARKETING_VERSION = 1.0;
				PRODUCT_BUNDLE_IDENTIFIER = "Marco.Shannon-Entropy-and-Lypunov-CoefTests";
				PRODUCT_NAME = "$(TARGET_NAME)";
				SDKROOT = auto;
				SUPPORTED_PLATFORMS = "iphoneos iphonesimulator macosx";
				SWIFT_EMIT_LOC_STRINGS = NO;
				SWIFT_VERSION = 5.0;
				TARGETED_DEVICE_FAMILY = "1,2";
				TEST_HOST = "$(BUILT_PRODUCTS_DIR)/Shannon Entropy and Lypunov Coef.app/$(BUNDLE_EXECUTABLE_FOLDER_PATH)/Shannon Entropy and Lypunov Coef";
			};
			name = Release;
		};
		332FF9432BE03C910000445F /* Debug */ = {
			isa = XCBuildConfiguration;
			buildSettings = {
				ALWAYS_EMBED_SWIFT_STANDARD_LIBRARIES = YES;
				CODE_SIGN_STYLE = Automatic;
				CURRENT_PROJECT_VERSION = 1;
				GENERATE_INFOPLIST_FILE = YES;
				IPHONEOS_DEPLOYMENT_TARGET = 17.2;
				MACOSX_DEPLOYMENT_TARGET = 14.2;
				MARKETING_VERSION = 1.0;
				PRODUCT_BUNDLE_IDENTIFIER = "Marco.Shannon-Entropy-and-Lypunov-CoefUITests";
				PRODUCT_NAME = "$(TARGET_NAME)";
				SDKROOT = auto;
				SUPPORTED_PLATFORMS = "iphoneos iphonesimulator macosx";
				SWIFT_EMIT_LOC_STRINGS = NO;
				SWIFT_VERSION = 5.0;
				TARGETED_DEVICE_FAMILY = "1,2";
				TEST_TARGET_NAME = "Shannon Entropy and Lypunov Coef";
			};
			name = Debug;
		};
		332FF9442BE03C910000445F /* Release */ = {
			isa = XCBuildConfiguration;
			buildSettings = {
				ALWAYS_EMBED_SWIFT_STANDARD_LIBRARIES = YES;
				CODE_SIGN_STYLE = Automatic;
				CURRENT_PROJECT_VERSION = 1;
				GENERATE_INFOPLIST_FILE = YES;
				IPHONEOS_DEPLOYMENT_TARGET = 17.2;
				MACOSX_DEPLOYMENT_TARGET = 14.2;
				MARKETING_VERSION = 1.0;
				PRODUCT_BUNDLE_IDENTIFIER = "Marco.Shannon-Entropy-and-Lypunov-CoefUITests";
				PRODUCT_NAME = "$(TARGET_NAME)";
				SDKROOT = auto;
				SUPPORTED_PLATFORMS = "iphoneos iphonesimulator macosx";
				SWIFT_EMIT_LOC_STRINGS = NO;
				SWIFT_VERSION = 5.0;
				TARGETED_DEVICE_FAMILY = "1,2";
				TEST_TARGET_NAME = "Shannon Entropy and Lypunov Coef";
			};
			name = Release;
		};
/* End XCBuildConfiguration section */

/* Begin XCConfigurationList section */
		332FF9122BE03C8F0000445F /* Build configuration list for PBXProject "Shannon Entropy and Lypunov Coef" */ = {
			isa = XCConfigurationList;
			buildConfigurations = (
				332FF93A2BE03C910000445F /* Debug */,
				332FF93B2BE03C910000445F /* Release */,
			);
			defaultConfigurationIsVisible = 0;
			defaultConfigurationName = Release;
		};
		332FF93C2BE03C910000445F /* Build configuration list for PBXNativeTarget "Shannon Entropy and Lypunov Coef" */ = {
			isa = XCConfigurationList;
			buildConfigurations = (
				332FF93D2BE03C910000445F /* Debug */,
				332FF93E2BE03C910000445F /* Release */,
			);
			defaultConfigurationIsVisible = 0;
			defaultConfigurationName = Release;
		};
		332FF93F2BE03C910000445F /* Build configuration list for PBXNativeTarget "Shannon Entropy and Lypunov CoefTests" */ = {
			isa = XCConfigurationList;
			buildConfigurations = (
				332FF9402BE03C910000445F /* Debug */,
				332FF9412BE03C910000445F /* Release */,
			);
			defaultConfigurationIsVisible = 0;
			defaultConfigurationName = Release;
		};
		332FF9422BE03C910000445F /* Build configuration list for PBXNativeTarget "Shannon Entropy and Lypunov CoefUITests" */ = {
			isa = XCConfigurationList;
			buildConfigurations = (
				332FF9432BE03C910000445F /* Debug */,
				332FF9442BE03C910000445F /* Release */,
			);
			defaultConfigurationIsVisible = 0;
			defaultConfigurationName = Release;
		};
/* End XCConfigurationList section */
	};
	rootObject = 332FF90F2BE03C8F0000445F /* Project object */;
}
